
Microsoft Visual Studio Solution File, Format Version 12.00
# Visual Studio Version 17
VisualStudioVersion = 17.14.36414.22
MinimumVisualStudioVersion = 10.0.40219.1
Project("{FAE04EC0-301F-11D3-BF4B-00C04F79EFBC}") = "WeatherApp", "WeatherApp\WeatherApp.csproj", "{AB06AEDC-95CA-4A62-91C7-3E8624CE9950}"
EndProject
Project("{FAE04EC0-301F-11D3-BF4B-00C04F79EFBC}") = "UnitTests", "UnitTests\UnitTests.csproj", "{0F1A0875-CDC5-4013-96DA-EB0F7D64D143}"
EndProject
Global
	GlobalSection(SolutionConfigurationPlatforms) = preSolution
		Debug|Any CPU = Debug|Any CPU
		Release|Any CPU = Release|Any CPU
	EndGlobalSection
	GlobalSection(ProjectConfigurationPlatforms) = postSolution
		{AB06AEDC-95CA-4A62-91C7-3E8624CE9950}.Debug|Any CPU.ActiveCfg = Debug|Any CPU
		{AB06AEDC-95CA-4A62-91C7-3E8624CE9950}.Debug|Any CPU.Build.0 = Debug|Any CPU
		{AB06AEDC-95CA-4A62-91C7-3E8624CE9950}.Release|Any CPU.ActiveCfg = Release|Any CPU
		{AB06AEDC-95CA-4A62-91C7-3E8624CE9950}.Release|Any CPU.Build.0 = Release|Any CPU
		{0F1A0875-CDC5-4013-96DA-EB0F7D64D143}.Debug|Any CPU.ActiveCfg = Debug|Any CPU
		{0F1A0875-CDC5-4013-96DA-EB0F7D64D143}.Debug|Any CPU.Build.0 = Debug|Any CPU
		{0F1A0875-CDC5-4013-96DA-EB0F7D64D143}.Release|Any CPU.ActiveCfg = Release|Any CPU
		{0F1A0875-CDC5-4013-96DA-EB0F7D64D143}.Release|Any CPU.Build.0 = Release|Any CPU
	EndGlobalSection
	GlobalSection(SolutionProperties) = preSolution
		HideSolutionNode = FALSE
	EndGlobalSection
	GlobalSection(ExtensibilityGlobals) = postSolution
		SolutionGuid = {F375736A-B39B-4DDA-94AD-908AB3F79F5B}
	EndGlobalSection
EndGlobal
